
Microsoft Visual Studio Solution File, Format Version 12.00
# Visual Studio Version 16
VisualStudioVersion = 16.0.30503.244
MinimumVisualStudioVersion = 10.0.40219.1
Project("{FAE04EC0-301F-11D3-BF4B-00C04F79EFBC}") = "ruap_lv1", "ruap_lv1.csproj", "{DAE1B290-2E26-4613-9FE7-5236D0963EA7}"
EndProject
Global
	GlobalSection(SolutionConfigurationPlatforms) = preSolution
		Debug|Any CPU = Debug|Any CPU
		Release|Any CPU = Release|Any CPU
	EndGlobalSection
	GlobalSection(ProjectConfigurationPlatforms) = postSolution
		{DAE1B290-2E26-4613-9FE7-5236D0963EA7}.Debug|Any CPU.ActiveCfg = Debug|Any CPU
		{DAE1B290-2E26-4613-9FE7-5236D0963EA7}.Debug|Any CPU.Build.0 = Debug|Any CPU
		{DAE1B290-2E26-4613-9FE7-5236D0963EA7}.Release|Any CPU.ActiveCfg = Release|Any CPU
		{DAE1B290-2E26-4613-9FE7-5236D0963EA7}.Release|Any CPU.Build.0 = Release|Any CPU
	EndGlobalSection
	GlobalSection(SolutionProperties) = preSolution
		HideSolutionNode = FALSE
	EndGlobalSection
	GlobalSection(ExtensibilityGlobals) = postSolution
		SolutionGuid = {9301D3FB-7E19-43FA-99B5-64D369DC5C8F}
	EndGlobalSection
EndGlobal
